
Microsoft Visual Studio Solution File, Format Version 12.00
# Visual Studio Version 16
VisualStudioVersion = 16.0.29201.188
MinimumVisualStudioVersion = 10.0.40219.1
Project("{9A19103F-16F7-4668-BE54-9A1E7A4F7556}") = "DesignPatterns", "DesignPatterns\DesignPatterns.csproj", "{E0309548-E898-434F-AF54-A6E266A84FD2}"
EndProject
Project("{2150E333-8FDC-42A3-9474-1A3956D46DE8}") = "Solution Items", "Solution Items", "{E59E9863-F066-402E-86F0-61F08B240F67}"
	ProjectSection(SolutionItems) = preProject
		README.md = README.md
	EndProjectSection
EndProject
Global
	GlobalSection(SolutionConfigurationPlatforms) = preSolution
		Debug|Any CPU = Debug|Any CPU
		Release|Any CPU = Release|Any CPU
	EndGlobalSection
	GlobalSection(ProjectConfigurationPlatforms) = postSolution
		{E0309548-E898-434F-AF54-A6E266A84FD2}.Debug|Any CPU.ActiveCfg = Debug|Any CPU
		{E0309548-E898-434F-AF54-A6E266A84FD2}.Debug|Any CPU.Build.0 = Debug|Any CPU
		{E0309548-E898-434F-AF54-A6E266A84FD2}.Release|Any CPU.ActiveCfg = Release|Any CPU
		{E0309548-E898-434F-AF54-A6E266A84FD2}.Release|Any CPU.Build.0 = Release|Any CPU
	EndGlobalSection
	GlobalSection(SolutionProperties) = preSolution
		HideSolutionNode = FALSE
	EndGlobalSection
	GlobalSection(ExtensibilityGlobals) = postSolution
		SolutionGuid = {DE6E4516-2F26-42D8-8002-3CFC15E3A6A0}
	EndGlobalSection
EndGlobal
