
Microsoft Visual Studio Solution File, Format Version 12.00
# Visual Studio Version 16
VisualStudioVersion = 16.0.29201.188
MinimumVisualStudioVersion = 10.0.40219.1
Project("{FAE04EC0-301F-11D3-BF4B-00C04F79EFBC}") = "DesignPatterns", "DesignPatterns\DesignPatterns.csproj", "{E0309548-E898-434F-AF54-A6E266A84FD2}"
EndProject
Global
	GlobalSection(SolutionConfigurationPlatforms) = preSolution
		Debug|Any CPU = Debug|Any CPU
		Release|Any CPU = Release|Any CPU
	EndGlobalSection
	GlobalSection(ProjectConfigurationPlatforms) = postSolution
		{E0309548-E898-434F-AF54-A6E266A84FD2}.Debug|Any CPU.ActiveCfg = Debug|Any CPU
		{E0309548-E898-434F-AF54-A6E266A84FD2}.Debug|Any CPU.Build.0 = Debug|Any CPU
		{E0309548-E898-434F-AF54-A6E266A84FD2}.Release|Any CPU.ActiveCfg = Release|Any CPU
		{E0309548-E898-434F-AF54-A6E266A84FD2}.Release|Any CPU.Build.0 = Release|Any CPU
	EndGlobalSection
	GlobalSection(SolutionProperties) = preSolution
		HideSolutionNode = FALSE
	EndGlobalSection
	GlobalSection(ExtensibilityGlobals) = postSolution
		SolutionGuid = {DE6E4516-2F26-42D8-8002-3CFC15E3A6A0}
	EndGlobalSection
EndGlobal
